
Microsoft Visual Studio Solution File, Format Version 12.00
# Visual Studio Version 17
VisualStudioVersion = 17.11.35312.102
MinimumVisualStudioVersion = 10.0.40219.1
Project("{FAE04EC0-301F-11D3-BF4B-00C04F79EFBC}") = "RetirementCalculator.API", "RetirementCalculator.API\RetirementCalculator.API.csproj", "{9E191CF9-6BAB-4983-B921-7734341D5BBD}"
EndProject
Global
	GlobalSection(SolutionConfigurationPlatforms) = preSolution
		Debug|Any CPU = Debug|Any CPU
		Release|Any CPU = Release|Any CPU
	EndGlobalSection
	GlobalSection(ProjectConfigurationPlatforms) = postSolution
		{9E191CF9-6BAB-4983-B921-7734341D5BBD}.Debug|Any CPU.ActiveCfg = Debug|Any CPU
		{9E191CF9-6BAB-4983-B921-7734341D5BBD}.Debug|Any CPU.Build.0 = Debug|Any CPU
		{9E191CF9-6BAB-4983-B921-7734341D5BBD}.Release|Any CPU.ActiveCfg = Release|Any CPU
		{9E191CF9-6BAB-4983-B921-7734341D5BBD}.Release|Any CPU.Build.0 = Release|Any CPU
	EndGlobalSection
	GlobalSection(SolutionProperties) = preSolution
		HideSolutionNode = FALSE
	EndGlobalSection
	GlobalSection(ExtensibilityGlobals) = postSolution
		SolutionGuid = {01E39685-3DDC-4B39-9769-E19D38B800A4}
	EndGlobalSection
EndGlobal
